
Microsoft Visual Studio Solution File, Format Version 12.00
# Visual Studio Version 17
VisualStudioVersion = 17.11.35303.130
MinimumVisualStudioVersion = 10.0.40219.1
Project("{FAE04EC0-301F-11D3-BF4B-00C04F79EFBC}") = "AplikasiDataPKL", "AplikasiDataPKL.csproj", "{51EB7BBC-CCE8-4BAD-AD2B-CA2D1495760F}"
EndProject
Global
	GlobalSection(SolutionConfigurationPlatforms) = preSolution
		Debug|Any CPU = Debug|Any CPU
		Release|Any CPU = Release|Any CPU
	EndGlobalSection
	GlobalSection(ProjectConfigurationPlatforms) = postSolution
		{51EB7BBC-CCE8-4BAD-AD2B-CA2D1495760F}.Debug|Any CPU.ActiveCfg = Debug|Any CPU
		{51EB7BBC-CCE8-4BAD-AD2B-CA2D1495760F}.Debug|Any CPU.Build.0 = Debug|Any CPU
		{51EB7BBC-CCE8-4BAD-AD2B-CA2D1495760F}.Release|Any CPU.ActiveCfg = Release|Any CPU
		{51EB7BBC-CCE8-4BAD-AD2B-CA2D1495760F}.Release|Any CPU.Build.0 = Release|Any CPU
	EndGlobalSection
	GlobalSection(SolutionProperties) = preSolution
		HideSolutionNode = FALSE
	EndGlobalSection
	GlobalSection(ExtensibilityGlobals) = postSolution
		SolutionGuid = {0FE740FD-7AB5-41EB-BC6C-5A8F5E2B9CD0}
	EndGlobalSection
EndGlobal
